
Microsoft Visual Studio Solution File, Format Version 12.00
# Visual Studio Version 17
VisualStudioVersion = 17.4.33213.308
MinimumVisualStudioVersion = 10.0.40219.1
Project("{FAE04EC0-301F-11D3-BF4B-00C04F79EFBC}") = "TigerGymWebUI", "TigerGymWebUI\TigerGymWebUI.csproj", "{300327C5-EA18-4ECE-810E-16A524D7145E}"
EndProject
Global
	GlobalSection(SolutionConfigurationPlatforms) = preSolution
		Debug|Any CPU = Debug|Any CPU
		Release|Any CPU = Release|Any CPU
	EndGlobalSection
	GlobalSection(ProjectConfigurationPlatforms) = postSolution
		{300327C5-EA18-4ECE-810E-16A524D7145E}.Debug|Any CPU.ActiveCfg = Debug|Any CPU
		{300327C5-EA18-4ECE-810E-16A524D7145E}.Debug|Any CPU.Build.0 = Debug|Any CPU
		{300327C5-EA18-4ECE-810E-16A524D7145E}.Release|Any CPU.ActiveCfg = Release|Any CPU
		{300327C5-EA18-4ECE-810E-16A524D7145E}.Release|Any CPU.Build.0 = Release|Any CPU
	EndGlobalSection
	GlobalSection(SolutionProperties) = preSolution
		HideSolutionNode = FALSE
	EndGlobalSection
	GlobalSection(ExtensibilityGlobals) = postSolution
		SolutionGuid = {40EDE88E-7C2E-4BE8-883B-733248120E32}
	EndGlobalSection
EndGlobal
